
Microsoft Visual Studio Solution File, Format Version 12.00
# Visual Studio 15
Project("{FAE04EC0-301F-11D3-BF4B-00C04F79EFBC}") = "Ateliware.RepositoriosDestaques.Web", "Ateliware.RepositoriosDestaques.Web\Ateliware.RepositoriosDestaques.Web.csproj", "{0EADA8DA-CFAF-4F52-84C4-978317A555A0}"
EndProject
Project("{FAE04EC0-301F-11D3-BF4B-00C04F79EFBC}") = "Ateliware.RepositoriosDestaques.Application", "Ateliware.RepositoriosDestaques.Application\Ateliware.RepositoriosDestaques.Application.csproj", "{484382C4-1170-4D34-8198-49243965D57E}"
EndProject
Project("{FAE04EC0-301F-11D3-BF4B-00C04F79EFBC}") = "Ateliware.RepositoriosDestaques.Domain", "Ateliware.RepositoriosDestaques.Domain\Ateliware.RepositoriosDestaques.Domain.csproj", "{183042DC-6140-4B22-96BF-121B50725239}"
EndProject
Project("{FAE04EC0-301F-11D3-BF4B-00C04F79EFBC}") = "Ateliware.RepositoriosDestaques.Repository", "Ateliware.RepositoriosDestaques.Repository\Ateliware.RepositoriosDestaques.Repository.csproj", "{018BACCC-969E-4EC8-AB38-3FB0E6D6A7D8}"
EndProject
Project("{FAE04EC0-301F-11D3-BF4B-00C04F79EFBC}") = "Ateliware.RepositoriosDestaques.DomainServices", "Ateliware.RepositoriosDestaques.DomainServices\Ateliware.RepositoriosDestaques.DomainServices.csproj", "{3886C544-F2AB-4808-AC40-7682FDE40709}"
EndProject
Global
	GlobalSection(SolutionConfigurationPlatforms) = preSolution
		Debug|Any CPU = Debug|Any CPU
		Release|Any CPU = Release|Any CPU
	EndGlobalSection
	GlobalSection(ProjectConfigurationPlatforms) = postSolution
		{0EADA8DA-CFAF-4F52-84C4-978317A555A0}.Debug|Any CPU.ActiveCfg = Debug|Any CPU
		{0EADA8DA-CFAF-4F52-84C4-978317A555A0}.Debug|Any CPU.Build.0 = Debug|Any CPU
		{0EADA8DA-CFAF-4F52-84C4-978317A555A0}.Release|Any CPU.ActiveCfg = Release|Any CPU
		{0EADA8DA-CFAF-4F52-84C4-978317A555A0}.Release|Any CPU.Build.0 = Release|Any CPU
		{484382C4-1170-4D34-8198-49243965D57E}.Debug|Any CPU.ActiveCfg = Debug|Any CPU
		{484382C4-1170-4D34-8198-49243965D57E}.Debug|Any CPU.Build.0 = Debug|Any CPU
		{484382C4-1170-4D34-8198-49243965D57E}.Release|Any CPU.ActiveCfg = Release|Any CPU
		{484382C4-1170-4D34-8198-49243965D57E}.Release|Any CPU.Build.0 = Release|Any CPU
		{183042DC-6140-4B22-96BF-121B50725239}.Debug|Any CPU.ActiveCfg = Debug|Any CPU
		{183042DC-6140-4B22-96BF-121B50725239}.Debug|Any CPU.Build.0 = Debug|Any CPU
		{183042DC-6140-4B22-96BF-121B50725239}.Release|Any CPU.ActiveCfg = Release|Any CPU
		{183042DC-6140-4B22-96BF-121B50725239}.Release|Any CPU.Build.0 = Release|Any CPU
		{018BACCC-969E-4EC8-AB38-3FB0E6D6A7D8}.Debug|Any CPU.ActiveCfg = Debug|Any CPU
		{018BACCC-969E-4EC8-AB38-3FB0E6D6A7D8}.Debug|Any CPU.Build.0 = Debug|Any CPU
		{018BACCC-969E-4EC8-AB38-3FB0E6D6A7D8}.Release|Any CPU.ActiveCfg = Release|Any CPU
		{018BACCC-969E-4EC8-AB38-3FB0E6D6A7D8}.Release|Any CPU.Build.0 = Release|Any CPU
		{3886C544-F2AB-4808-AC40-7682FDE40709}.Debug|Any CPU.ActiveCfg = Debug|Any CPU
		{3886C544-F2AB-4808-AC40-7682FDE40709}.Debug|Any CPU.Build.0 = Debug|Any CPU
		{3886C544-F2AB-4808-AC40-7682FDE40709}.Release|Any CPU.ActiveCfg = Release|Any CPU
		{3886C544-F2AB-4808-AC40-7682FDE40709}.Release|Any CPU.Build.0 = Release|Any CPU
	EndGlobalSection
	GlobalSection(NestedProjects) = preSolution
	EndGlobalSection
EndGlobal
